
Microsoft Visual Studio Solution File, Format Version 12.00
# Visual Studio Version 16
VisualStudioVersion = 16.0.31515.178
MinimumVisualStudioVersion = 10.0.40219.1
Project("{888888A0-9F3D-457C-B088-3A5042F75D52}") = "Counry", "Counry.pyproj", "{B25C2C48-E770-4D9A-9BE6-3E85C4B68257}"
EndProject
Global
	GlobalSection(SolutionConfigurationPlatforms) = preSolution
		Debug|Any CPU = Debug|Any CPU
		Release|Any CPU = Release|Any CPU
	EndGlobalSection
	GlobalSection(ProjectConfigurationPlatforms) = postSolution
		{B25C2C48-E770-4D9A-9BE6-3E85C4B68257}.Debug|Any CPU.ActiveCfg = Debug|Any CPU
		{B25C2C48-E770-4D9A-9BE6-3E85C4B68257}.Release|Any CPU.ActiveCfg = Release|Any CPU
	EndGlobalSection
	GlobalSection(SolutionProperties) = preSolution
		HideSolutionNode = FALSE
	EndGlobalSection
	GlobalSection(ExtensibilityGlobals) = postSolution
		SolutionGuid = {66F0F006-A393-435C-8570-0F84141209CC}
	EndGlobalSection
EndGlobal
